
Microsoft Visual Studio Solution File, Format Version 12.00
# Visual Studio Version 17
VisualStudioVersion = 17.9.34728.123
MinimumVisualStudioVersion = 10.0.40219.1
Project("{FAE04EC0-301F-11D3-BF4B-00C04F79EFBC}") = "Mind reading", "Mind reading\Mind reading.csproj", "{04DDA28E-E5F9-4F09-ACC8-52C8D35B0C01}"
EndProject
Global
	GlobalSection(SolutionConfigurationPlatforms) = preSolution
		Debug|Any CPU = Debug|Any CPU
		Release|Any CPU = Release|Any CPU
	EndGlobalSection
	GlobalSection(ProjectConfigurationPlatforms) = postSolution
		{04DDA28E-E5F9-4F09-ACC8-52C8D35B0C01}.Debug|Any CPU.ActiveCfg = Debug|Any CPU
		{04DDA28E-E5F9-4F09-ACC8-52C8D35B0C01}.Debug|Any CPU.Build.0 = Debug|Any CPU
		{04DDA28E-E5F9-4F09-ACC8-52C8D35B0C01}.Release|Any CPU.ActiveCfg = Release|Any CPU
		{04DDA28E-E5F9-4F09-ACC8-52C8D35B0C01}.Release|Any CPU.Build.0 = Release|Any CPU
	EndGlobalSection
	GlobalSection(SolutionProperties) = preSolution
		HideSolutionNode = FALSE
	EndGlobalSection
	GlobalSection(ExtensibilityGlobals) = postSolution
		SolutionGuid = {43B21123-8075-4ACA-8879-C8C61D504A22}
	EndGlobalSection
EndGlobal
