
Microsoft Visual Studio Solution File, Format Version 12.00
# Visual Studio Version 17
VisualStudioVersion = 17.9.34728.123
MinimumVisualStudioVersion = 10.0.40219.1
Project("{FAE04EC0-301F-11D3-BF4B-00C04F79EFBC}") = "Kuba", "Kuba\Kuba.csproj", "{3A511F89-306B-49A1-B151-E8AB99E8AF9B}"
EndProject
Global
	GlobalSection(SolutionConfigurationPlatforms) = preSolution
		Debug|Any CPU = Debug|Any CPU
		Release|Any CPU = Release|Any CPU
	EndGlobalSection
	GlobalSection(ProjectConfigurationPlatforms) = postSolution
		{3A511F89-306B-49A1-B151-E8AB99E8AF9B}.Debug|Any CPU.ActiveCfg = Debug|Any CPU
		{3A511F89-306B-49A1-B151-E8AB99E8AF9B}.Debug|Any CPU.Build.0 = Debug|Any CPU
		{3A511F89-306B-49A1-B151-E8AB99E8AF9B}.Release|Any CPU.ActiveCfg = Release|Any CPU
		{3A511F89-306B-49A1-B151-E8AB99E8AF9B}.Release|Any CPU.Build.0 = Release|Any CPU
	EndGlobalSection
	GlobalSection(SolutionProperties) = preSolution
		HideSolutionNode = FALSE
	EndGlobalSection
	GlobalSection(ExtensibilityGlobals) = postSolution
		SolutionGuid = {5C5A213B-63EB-4A8F-99D8-AD59220C140C}
	EndGlobalSection
EndGlobal
